{
    "_meta": {
        "hash": {
            "sha256": "da94785492c94686bc7f28bea70aa0d130d93ee2fd7d6d2878c2fab97aeb3621"
        },
        "pipfile-spec": 6,
        "requires": {
            "python_version": "3.8"
        },
        "sources": [
            {
                "name": "pypi",
                "url": "https://pypi.org/simple",
                "verify_ssl": true
            }
        ]
    },
    "default": {
        "sleekxmpp": {
            "hashes": [
                "sha256:d213c1de71d92505f95ced0460ee0f84fdc4ddcacb7d7dd343739ed4028e5569"
            ],
            "index": "pypi",
            "version": "==1.3.3"
        }
    },
    "develop": {}
}
